// !$*UTF8*$!
{
	archiveVersion = 1;
	classes = {
	};
	objectVersion = 56;
	objects = {

/* Begin PBXBuildFile section */
		39271D4829D7694E00522DFD /* CollectionLayout.swift in Sources */ = {isa = PBXBuildFile; fileRef = 39271D4729D7694E00522DFD /* CollectionLayout.swift */; };
		39271D4A29D7922D00522DFD /* Media.storyboard in Resources */ = {isa = PBXBuildFile; fileRef = 39271D4929D7922D00522DFD /* Media.storyboard */; };
		39271D4D29D7975A00522DFD /* Settings.storyboard in Resources */ = {isa = PBXBuildFile; fileRef = 39271D4C29D7975A00522DFD /* Settings.storyboard */; };
		39271D5729D79E7900522DFD /* TitleView.xib in Resources */ = {isa = PBXBuildFile; fileRef = 39271D5629D79E7900522DFD /* TitleView.xib */; };
		3927356B29BD1E820058796A /* AppDelegate.swift in Sources */ = {isa = PBXBuildFile; fileRef = 3927356A29BD1E820058796A /* AppDelegate.swift */; };
		3927356D29BD1E820058796A /* SceneDelegate.swift in Sources */ = {isa = PBXBuildFile; fileRef = 3927356C29BD1E820058796A /* SceneDelegate.swift */; };
		3927356F29BD1E820058796A /* MainViewController.swift in Sources */ = {isa = PBXBuildFile; fileRef = 3927356E29BD1E820058796A /* MainViewController.swift */; };
		3927357229BD1E820058796A /* Main.storyboard in Resources */ = {isa = PBXBuildFile; fileRef = 3927357029BD1E820058796A /* Main.storyboard */; };
		3927357429BD1E830058796A /* Assets.xcassets in Resources */ = {isa = PBXBuildFile; fileRef = 3927357329BD1E830058796A /* Assets.xcassets */; };
		3927357729BD1E830058796A /* LaunchScreen.storyboard in Resources */ = {isa = PBXBuildFile; fileRef = 3927357529BD1E830058796A /* LaunchScreen.storyboard */; };
		3927358229BD1E830058796A /* CloudFeedTests.swift in Sources */ = {isa = PBXBuildFile; fileRef = 3927358129BD1E830058796A /* CloudFeedTests.swift */; };
		3927358C29BD1E830058796A /* CloudFeedUITests.swift in Sources */ = {isa = PBXBuildFile; fileRef = 3927358B29BD1E830058796A /* CloudFeedUITests.swift */; };
		3927358E29BD1E830058796A /* CloudFeedUITestsLaunchTests.swift in Sources */ = {isa = PBXBuildFile; fileRef = 3927358D29BD1E830058796A /* CloudFeedUITestsLaunchTests.swift */; };
		3927359C29BD3D510058796A /* NextcloudKit in Frameworks */ = {isa = PBXBuildFile; productRef = 3927359B29BD3D510058796A /* NextcloudKit */; };
		392735A029BD69EA0058796A /* DatabaseManager.swift in Sources */ = {isa = PBXBuildFile; fileRef = 3927359F29BD69EA0058796A /* DatabaseManager.swift */; };
		392735A229BD6A4F0058796A /* Global.swift in Sources */ = {isa = PBXBuildFile; fileRef = 392735A129BD6A4F0058796A /* Global.swift */; };
		392735A529BE13590058796A /* Realm in Frameworks */ = {isa = PBXBuildFile; productRef = 392735A429BE13590058796A /* Realm */; };
		392735A729BE13590058796A /* RealmSwift in Frameworks */ = {isa = PBXBuildFile; productRef = 392735A629BE13590058796A /* RealmSwift */; };
		392735AB29BE2DAA0058796A /* DatabaseManager+Account.swift in Sources */ = {isa = PBXBuildFile; fileRef = 392735AA29BE2DAA0058796A /* DatabaseManager+Account.swift */; };
		392735AD29BE3C140058796A /* Database.swift in Sources */ = {isa = PBXBuildFile; fileRef = 392735AC29BE3C140058796A /* Database.swift */; };
		392735B029BE3DED0058796A /* KeychainAccess in Frameworks */ = {isa = PBXBuildFile; productRef = 392735AF29BE3DED0058796A /* KeychainAccess */; };
		392735B329BE402D0058796A /* StoreUtility.swift in Sources */ = {isa = PBXBuildFile; fileRef = 392735B229BE402D0058796A /* StoreUtility.swift */; };
		392735B629BE4FE00058796A /* Login.storyboard in Resources */ = {isa = PBXBuildFile; fileRef = 392735B529BE4FE00058796A /* Login.storyboard */; };
		392735B829BE50780058796A /* LoginWebController.swift in Sources */ = {isa = PBXBuildFile; fileRef = 392735B729BE50780058796A /* LoginWebController.swift */; };
		392735BA29BE52600058796A /* LoginServerController.swift in Sources */ = {isa = PBXBuildFile; fileRef = 392735B929BE52600058796A /* LoginServerController.swift */; };
		392735BC29BE59FC0058796A /* SettingsUtility.swift in Sources */ = {isa = PBXBuildFile; fileRef = 392735BB29BE59FC0058796A /* SettingsUtility.swift */; };
		394BCB0E29C7E25000C4F619 /* HttpCache.swift in Sources */ = {isa = PBXBuildFile; fileRef = 394BCB0D29C7E25000C4F619 /* HttpCache.swift */; };
		394BCB1329C7E82100C4F619 /* KTVCocoaHTTPServer.xcframework in Frameworks */ = {isa = PBXBuildFile; fileRef = 394BCB1129C7E82100C4F619 /* KTVCocoaHTTPServer.xcframework */; };
		394BCB1429C7E82100C4F619 /* KTVCocoaHTTPServer.xcframework in Embed Frameworks */ = {isa = PBXBuildFile; fileRef = 394BCB1129C7E82100C4F619 /* KTVCocoaHTTPServer.xcframework */; settings = {ATTRIBUTES = (CodeSignOnCopy, RemoveHeadersOnCopy, ); }; };
		394BCB1529C7E82100C4F619 /* KTVHTTPCache.xcframework in Frameworks */ = {isa = PBXBuildFile; fileRef = 394BCB1229C7E82100C4F619 /* KTVHTTPCache.xcframework */; };
		394BCB1629C7E82100C4F619 /* KTVHTTPCache.xcframework in Embed Frameworks */ = {isa = PBXBuildFile; fileRef = 394BCB1229C7E82100C4F619 /* KTVHTTPCache.xcframework */; settings = {ATTRIBUTES = (CodeSignOnCopy, RemoveHeadersOnCopy, ); }; };
		394BCB1929C7E9BC00C4F619 /* NextcloudUtility.swift in Sources */ = {isa = PBXBuildFile; fileRef = 394BCB1829C7E9BB00C4F619 /* NextcloudUtility.swift */; };
		39B03F0E29C53FD300704670 /* CollectionViewCell.swift in Sources */ = {isa = PBXBuildFile; fileRef = 39B03F0C29C53FD300704670 /* CollectionViewCell.swift */; };
		39B03F0F29C53FD300704670 /* CollectionViewCell.xib in Resources */ = {isa = PBXBuildFile; fileRef = 39B03F0D29C53FD300704670 /* CollectionViewCell.xib */; };
		39B03F1229C636B500704670 /* SettingsController.swift in Sources */ = {isa = PBXBuildFile; fileRef = 39B03F1129C636B500704670 /* SettingsController.swift */; };
		39B03F1429C6384300704670 /* FileSystemUtility.swift in Sources */ = {isa = PBXBuildFile; fileRef = 39B03F1329C6384300704670 /* FileSystemUtility.swift */; };
		39B03F1629C68C2900704670 /* CollectionViewLayout.swift in Sources */ = {isa = PBXBuildFile; fileRef = 39B03F1529C68C2900704670 /* CollectionViewLayout.swift */; };
		39D73C1A29BF5FDA0096ECD3 /* NextcloudService.swift in Sources */ = {isa = PBXBuildFile; fileRef = 39D73C1929BF5FDA0096ECD3 /* NextcloudService.swift */; };
		39D73C1C29BFA8BB0096ECD3 /* DatabaseManager+Metadata.swift in Sources */ = {isa = PBXBuildFile; fileRef = 39D73C1B29BFA8BB0096ECD3 /* DatabaseManager+Metadata.swift */; };
/* End PBXBuildFile section */

/* Begin PBXContainerItemProxy section */
		3927357E29BD1E830058796A /* PBXContainerItemProxy */ = {
			isa = PBXContainerItemProxy;
			containerPortal = 3927355F29BD1E820058796A /* Project object */;
			proxyType = 1;
			remoteGlobalIDString = 3927356629BD1E820058796A;
			remoteInfo = CloudFeed;
		};
		3927358829BD1E830058796A /* PBXContainerItemProxy */ = {
			isa = PBXContainerItemProxy;
			containerPortal = 3927355F29BD1E820058796A /* Project object */;
			proxyType = 1;
			remoteGlobalIDString = 3927356629BD1E820058796A;
			remoteInfo = CloudFeed;
		};
/* End PBXContainerItemProxy section */

/* Begin PBXCopyFilesBuildPhase section */
		394BCB1729C7E82100C4F619 /* Embed Frameworks */ = {
			isa = PBXCopyFilesBuildPhase;
			buildActionMask = 2147483647;
			dstPath = "";
			dstSubfolderSpec = 10;
			files = (
				394BCB1629C7E82100C4F619 /* KTVHTTPCache.xcframework in Embed Frameworks */,
				394BCB1429C7E82100C4F619 /* KTVCocoaHTTPServer.xcframework in Embed Frameworks */,
			);
			name = "Embed Frameworks";
			runOnlyForDeploymentPostprocessing = 0;
		};
/* End PBXCopyFilesBuildPhase section */

/* Begin PBXFileReference section */
		39271D4729D7694E00522DFD /* CollectionLayout.swift */ = {isa = PBXFileReference; lastKnownFileType = sourcecode.swift; path = CollectionLayout.swift; sourceTree = "<group>"; };
		39271D4929D7922D00522DFD /* Media.storyboard */ = {isa = PBXFileReference; lastKnownFileType = file.storyboard; path = Media.storyboard; sourceTree = "<group>"; };
		39271D4C29D7975A00522DFD /* Settings.storyboard */ = {isa = PBXFileReference; lastKnownFileType = file.storyboard; path = Settings.storyboard; sourceTree = "<group>"; };
		39271D5629D79E7900522DFD /* TitleView.xib */ = {isa = PBXFileReference; fileEncoding = 4; lastKnownFileType = file.xib; path = TitleView.xib; sourceTree = "<group>"; };
		3927356729BD1E820058796A /* CloudFeed.app */ = {isa = PBXFileReference; explicitFileType = wrapper.application; includeInIndex = 0; path = CloudFeed.app; sourceTree = BUILT_PRODUCTS_DIR; };
		3927356A29BD1E820058796A /* AppDelegate.swift */ = {isa = PBXFileReference; lastKnownFileType = sourcecode.swift; path = AppDelegate.swift; sourceTree = "<group>"; };
		3927356C29BD1E820058796A /* SceneDelegate.swift */ = {isa = PBXFileReference; lastKnownFileType = sourcecode.swift; path = SceneDelegate.swift; sourceTree = "<group>"; };
		3927356E29BD1E820058796A /* MainViewController.swift */ = {isa = PBXFileReference; lastKnownFileType = sourcecode.swift; path = MainViewController.swift; sourceTree = "<group>"; };
		3927357129BD1E820058796A /* Base */ = {isa = PBXFileReference; lastKnownFileType = file.storyboard; name = Base; path = Base.lproj/Main.storyboard; sourceTree = "<group>"; };
		3927357329BD1E830058796A /* Assets.xcassets */ = {isa = PBXFileReference; lastKnownFileType = folder.assetcatalog; path = Assets.xcassets; sourceTree = "<group>"; };
		3927357629BD1E830058796A /* Base */ = {isa = PBXFileReference; lastKnownFileType = file.storyboard; name = Base; path = Base.lproj/LaunchScreen.storyboard; sourceTree = "<group>"; };
		3927357829BD1E830058796A /* Info.plist */ = {isa = PBXFileReference; lastKnownFileType = text.plist.xml; path = Info.plist; sourceTree = "<group>"; };
		3927357D29BD1E830058796A /* CloudFeedTests.xctest */ = {isa = PBXFileReference; explicitFileType = wrapper.cfbundle; includeInIndex = 0; path = CloudFeedTests.xctest; sourceTree = BUILT_PRODUCTS_DIR; };
		3927358129BD1E830058796A /* CloudFeedTests.swift */ = {isa = PBXFileReference; lastKnownFileType = sourcecode.swift; path = CloudFeedTests.swift; sourceTree = "<group>"; };
		3927358729BD1E830058796A /* CloudFeedUITests.xctest */ = {isa = PBXFileReference; explicitFileType = wrapper.cfbundle; includeInIndex = 0; path = CloudFeedUITests.xctest; sourceTree = BUILT_PRODUCTS_DIR; };
		3927358B29BD1E830058796A /* CloudFeedUITests.swift */ = {isa = PBXFileReference; lastKnownFileType = sourcecode.swift; path = CloudFeedUITests.swift; sourceTree = "<group>"; };
		3927358D29BD1E830058796A /* CloudFeedUITestsLaunchTests.swift */ = {isa = PBXFileReference; lastKnownFileType = sourcecode.swift; path = CloudFeedUITestsLaunchTests.swift; sourceTree = "<group>"; };
		3927359F29BD69EA0058796A /* DatabaseManager.swift */ = {isa = PBXFileReference; lastKnownFileType = sourcecode.swift; path = DatabaseManager.swift; sourceTree = "<group>"; };
		392735A129BD6A4F0058796A /* Global.swift */ = {isa = PBXFileReference; lastKnownFileType = sourcecode.swift; path = Global.swift; sourceTree = "<group>"; };
		392735AA29BE2DAA0058796A /* DatabaseManager+Account.swift */ = {isa = PBXFileReference; lastKnownFileType = sourcecode.swift; path = "DatabaseManager+Account.swift"; sourceTree = "<group>"; };
		392735AC29BE3C140058796A /* Database.swift */ = {isa = PBXFileReference; lastKnownFileType = sourcecode.swift; path = Database.swift; sourceTree = "<group>"; };
		392735B229BE402D0058796A /* StoreUtility.swift */ = {isa = PBXFileReference; lastKnownFileType = sourcecode.swift; path = StoreUtility.swift; sourceTree = "<group>"; };
		392735B529BE4FE00058796A /* Login.storyboard */ = {isa = PBXFileReference; lastKnownFileType = file.storyboard; path = Login.storyboard; sourceTree = "<group>"; };
		392735B729BE50780058796A /* LoginWebController.swift */ = {isa = PBXFileReference; lastKnownFileType = sourcecode.swift; path = LoginWebController.swift; sourceTree = "<group>"; };
		392735B929BE52600058796A /* LoginServerController.swift */ = {isa = PBXFileReference; lastKnownFileType = sourcecode.swift; path = LoginServerController.swift; sourceTree = "<group>"; };
		392735BB29BE59FC0058796A /* SettingsUtility.swift */ = {isa = PBXFileReference; lastKnownFileType = sourcecode.swift; path = SettingsUtility.swift; sourceTree = "<group>"; };
		392735BD29BE738F0058796A /* CloudFeed.entitlements */ = {isa = PBXFileReference; lastKnownFileType = text.plist.entitlements; path = CloudFeed.entitlements; sourceTree = "<group>"; };
		394BCB0D29C7E25000C4F619 /* HttpCache.swift */ = {isa = PBXFileReference; lastKnownFileType = sourcecode.swift; path = HttpCache.swift; sourceTree = "<group>"; };
		394BCB1129C7E82100C4F619 /* KTVCocoaHTTPServer.xcframework */ = {isa = PBXFileReference; lastKnownFileType = wrapper.xcframework; name = KTVCocoaHTTPServer.xcframework; path = Carthage/Build/KTVCocoaHTTPServer.xcframework; sourceTree = "<group>"; };
		394BCB1229C7E82100C4F619 /* KTVHTTPCache.xcframework */ = {isa = PBXFileReference; lastKnownFileType = wrapper.xcframework; name = KTVHTTPCache.xcframework; path = Carthage/Build/KTVHTTPCache.xcframework; sourceTree = "<group>"; };
		394BCB1829C7E9BB00C4F619 /* NextcloudUtility.swift */ = {isa = PBXFileReference; lastKnownFileType = sourcecode.swift; path = NextcloudUtility.swift; sourceTree = "<group>"; };
		39B03F0C29C53FD300704670 /* CollectionViewCell.swift */ = {isa = PBXFileReference; lastKnownFileType = sourcecode.swift; path = CollectionViewCell.swift; sourceTree = "<group>"; };
		39B03F0D29C53FD300704670 /* CollectionViewCell.xib */ = {isa = PBXFileReference; lastKnownFileType = file.xib; path = CollectionViewCell.xib; sourceTree = "<group>"; };
		39B03F1129C636B500704670 /* SettingsController.swift */ = {isa = PBXFileReference; lastKnownFileType = sourcecode.swift; path = SettingsController.swift; sourceTree = "<group>"; };
		39B03F1329C6384300704670 /* FileSystemUtility.swift */ = {isa = PBXFileReference; lastKnownFileType = sourcecode.swift; path = FileSystemUtility.swift; sourceTree = "<group>"; };
		39B03F1529C68C2900704670 /* CollectionViewLayout.swift */ = {isa = PBXFileReference; lastKnownFileType = sourcecode.swift; path = CollectionViewLayout.swift; sourceTree = "<group>"; };
		39D73C1929BF5FDA0096ECD3 /* NextcloudService.swift */ = {isa = PBXFileReference; lastKnownFileType = sourcecode.swift; path = NextcloudService.swift; sourceTree = "<group>"; };
		39D73C1B29BFA8BB0096ECD3 /* DatabaseManager+Metadata.swift */ = {isa = PBXFileReference; lastKnownFileType = sourcecode.swift; path = "DatabaseManager+Metadata.swift"; sourceTree = "<group>"; };
/* End PBXFileReference section */

/* Begin PBXFrameworksBuildPhase section */
		3927356429BD1E820058796A /* Frameworks */ = {
			isa = PBXFrameworksBuildPhase;
			buildActionMask = 2147483647;
			files = (
				392735B029BE3DED0058796A /* KeychainAccess in Frameworks */,
				392735A729BE13590058796A /* RealmSwift in Frameworks */,
				394BCB1529C7E82100C4F619 /* KTVHTTPCache.xcframework in Frameworks */,
				392735A529BE13590058796A /* Realm in Frameworks */,
				394BCB1329C7E82100C4F619 /* KTVCocoaHTTPServer.xcframework in Frameworks */,
				3927359C29BD3D510058796A /* NextcloudKit in Frameworks */,
			);
			runOnlyForDeploymentPostprocessing = 0;
		};
		3927357A29BD1E830058796A /* Frameworks */ = {
			isa = PBXFrameworksBuildPhase;
			buildActionMask = 2147483647;
			files = (
			);
			runOnlyForDeploymentPostprocessing = 0;
		};
		3927358429BD1E830058796A /* Frameworks */ = {
			isa = PBXFrameworksBuildPhase;
			buildActionMask = 2147483647;
			files = (
			);
			runOnlyForDeploymentPostprocessing = 0;
		};
/* End PBXFrameworksBuildPhase section */

/* Begin PBXGroup section */
		39271D4B29D7971D00522DFD /* Favorites */ = {
			isa = PBXGroup;
			children = (
			);
			path = Favorites;
			sourceTree = "<group>";
		};
		3927355E29BD1E820058796A = {
			isa = PBXGroup;
			children = (
				3927356929BD1E820058796A /* CloudFeed */,
				3927358029BD1E830058796A /* CloudFeedTests */,
				3927358A29BD1E830058796A /* CloudFeedUITests */,
				3927356829BD1E820058796A /* Products */,
				394BCB1029C7E82100C4F619 /* Frameworks */,
			);
			sourceTree = "<group>";
		};
		3927356829BD1E820058796A /* Products */ = {
			isa = PBXGroup;
			children = (
				3927356729BD1E820058796A /* CloudFeed.app */,
				3927357D29BD1E830058796A /* CloudFeedTests.xctest */,
				3927358729BD1E830058796A /* CloudFeedUITests.xctest */,
			);
			name = Products;
			sourceTree = "<group>";
		};
		3927356929BD1E820058796A /* CloudFeed */ = {
			isa = PBXGroup;
			children = (
				392735A829BE2CF40058796A /* Data */,
				39271D4B29D7971D00522DFD /* Favorites */,
				392735B429BE4F460058796A /* Login */,
				392735A929BE2D0A0058796A /* Main */,
				39D73C1829BF5F900096ECD3 /* Networking */,
				39B03F1029C6369200704670 /* Settings */,
				392735B129BE3FB90058796A /* Utility */,
				392735A129BD6A4F0058796A /* Global.swift */,
				3927356C29BD1E820058796A /* SceneDelegate.swift */,
				3927356A29BD1E820058796A /* AppDelegate.swift */,
				3927357529BD1E830058796A /* LaunchScreen.storyboard */,
				392735BD29BE738F0058796A /* CloudFeed.entitlements */,
				3927357329BD1E830058796A /* Assets.xcassets */,
				3927357829BD1E830058796A /* Info.plist */,
			);
			path = CloudFeed;
			sourceTree = "<group>";
		};
		3927358029BD1E830058796A /* CloudFeedTests */ = {
			isa = PBXGroup;
			children = (
				3927358129BD1E830058796A /* CloudFeedTests.swift */,
			);
			path = CloudFeedTests;
			sourceTree = "<group>";
		};
		3927358A29BD1E830058796A /* CloudFeedUITests */ = {
			isa = PBXGroup;
			children = (
				3927358B29BD1E830058796A /* CloudFeedUITests.swift */,
				3927358D29BD1E830058796A /* CloudFeedUITestsLaunchTests.swift */,
			);
			path = CloudFeedUITests;
			sourceTree = "<group>";
		};
		392735A829BE2CF40058796A /* Data */ = {
			isa = PBXGroup;
			children = (
				392735AC29BE3C140058796A /* Database.swift */,
				3927359F29BD69EA0058796A /* DatabaseManager.swift */,
				392735AA29BE2DAA0058796A /* DatabaseManager+Account.swift */,
				39D73C1B29BFA8BB0096ECD3 /* DatabaseManager+Metadata.swift */,
			);
			path = Data;
			sourceTree = "<group>";
		};
		392735A929BE2D0A0058796A /* Main */ = {
			isa = PBXGroup;
			children = (
				3927357029BD1E820058796A /* Main.storyboard */,
				39271D4929D7922D00522DFD /* Media.storyboard */,
				39271D5629D79E7900522DFD /* TitleView.xib */,
				39B03F0D29C53FD300704670 /* CollectionViewCell.xib */,
				39B03F0C29C53FD300704670 /* CollectionViewCell.swift */,
				39B03F1529C68C2900704670 /* CollectionViewLayout.swift */,
				3927356E29BD1E820058796A /* MainViewController.swift */,
				39271D4729D7694E00522DFD /* CollectionLayout.swift */,
			);
			path = Main;
			sourceTree = "<group>";
		};
		392735B129BE3FB90058796A /* Utility */ = {
			isa = PBXGroup;
			children = (
				39B03F1329C6384300704670 /* FileSystemUtility.swift */,
				394BCB0D29C7E25000C4F619 /* HttpCache.swift */,
				394BCB1829C7E9BB00C4F619 /* NextcloudUtility.swift */,
				392735BB29BE59FC0058796A /* SettingsUtility.swift */,
				392735B229BE402D0058796A /* StoreUtility.swift */,
			);
			path = Utility;
			sourceTree = "<group>";
		};
		392735B429BE4F460058796A /* Login */ = {
			isa = PBXGroup;
			children = (
				392735B529BE4FE00058796A /* Login.storyboard */,
				392735B929BE52600058796A /* LoginServerController.swift */,
				392735B729BE50780058796A /* LoginWebController.swift */,
			);
			path = Login;
			sourceTree = "<group>";
		};
		394BCB1029C7E82100C4F619 /* Frameworks */ = {
			isa = PBXGroup;
			children = (
				394BCB1129C7E82100C4F619 /* KTVCocoaHTTPServer.xcframework */,
				394BCB1229C7E82100C4F619 /* KTVHTTPCache.xcframework */,
			);
			name = Frameworks;
			sourceTree = "<group>";
		};
		39B03F1029C6369200704670 /* Settings */ = {
			isa = PBXGroup;
			children = (
				39271D4C29D7975A00522DFD /* Settings.storyboard */,
				39B03F1129C636B500704670 /* SettingsController.swift */,
			);
			path = Settings;
			sourceTree = "<group>";
		};
		39D73C1829BF5F900096ECD3 /* Networking */ = {
			isa = PBXGroup;
			children = (
				39D73C1929BF5FDA0096ECD3 /* NextcloudService.swift */,
			);
			path = Networking;
			sourceTree = "<group>";
		};
/* End PBXGroup section */

/* Begin PBXNativeTarget section */
		3927356629BD1E820058796A /* CloudFeed */ = {
			isa = PBXNativeTarget;
			buildConfigurationList = 3927359129BD1E830058796A /* Build configuration list for PBXNativeTarget "CloudFeed" */;
			buildPhases = (
				3927356329BD1E820058796A /* Sources */,
				3927356429BD1E820058796A /* Frameworks */,
				3927356529BD1E820058796A /* Resources */,
				394BCB1729C7E82100C4F619 /* Embed Frameworks */,
			);
			buildRules = (
			);
			dependencies = (
			);
			name = CloudFeed;
			packageProductDependencies = (
				3927359B29BD3D510058796A /* NextcloudKit */,
				392735A429BE13590058796A /* Realm */,
				392735A629BE13590058796A /* RealmSwift */,
				392735AF29BE3DED0058796A /* KeychainAccess */,
			);
			productName = CloudFeed;
			productReference = 3927356729BD1E820058796A /* CloudFeed.app */;
			productType = "com.apple.product-type.application";
		};
		3927357C29BD1E830058796A /* CloudFeedTests */ = {
			isa = PBXNativeTarget;
			buildConfigurationList = 3927359429BD1E830058796A /* Build configuration list for PBXNativeTarget "CloudFeedTests" */;
			buildPhases = (
				3927357929BD1E830058796A /* Sources */,
				3927357A29BD1E830058796A /* Frameworks */,
				3927357B29BD1E830058796A /* Resources */,
			);
			buildRules = (
			);
			dependencies = (
				3927357F29BD1E830058796A /* PBXTargetDependency */,
			);
			name = CloudFeedTests;
			productName = CloudFeedTests;
			productReference = 3927357D29BD1E830058796A /* CloudFeedTests.xctest */;
			productType = "com.apple.product-type.bundle.unit-test";
		};
		3927358629BD1E830058796A /* CloudFeedUITests */ = {
			isa = PBXNativeTarget;
			buildConfigurationList = 3927359729BD1E830058796A /* Build configuration list for PBXNativeTarget "CloudFeedUITests" */;
			buildPhases = (
				3927358329BD1E830058796A /* Sources */,
				3927358429BD1E830058796A /* Frameworks */,
				3927358529BD1E830058796A /* Resources */,
			);
			buildRules = (
			);
			dependencies = (
				3927358929BD1E830058796A /* PBXTargetDependency */,
			);
			name = CloudFeedUITests;
			productName = CloudFeedUITests;
			productReference = 3927358729BD1E830058796A /* CloudFeedUITests.xctest */;
			productType = "com.apple.product-type.bundle.ui-testing";
		};
/* End PBXNativeTarget section */

/* Begin PBXProject section */
		3927355F29BD1E820058796A /* Project object */ = {
			isa = PBXProject;
			attributes = {
				BuildIndependentTargetsInParallel = 1;
				LastSwiftUpdateCheck = 1420;
				LastUpgradeCheck = 1420;
				TargetAttributes = {
					3927356629BD1E820058796A = {
						CreatedOnToolsVersion = 14.2;
					};
					3927357C29BD1E830058796A = {
						CreatedOnToolsVersion = 14.2;
						TestTargetID = 3927356629BD1E820058796A;
					};
					3927358629BD1E830058796A = {
						CreatedOnToolsVersion = 14.2;
						TestTargetID = 3927356629BD1E820058796A;
					};
				};
			};
			buildConfigurationList = 3927356229BD1E820058796A /* Build configuration list for PBXProject "CloudFeed" */;
			compatibilityVersion = "Xcode 14.0";
			developmentRegion = en;
			hasScannedForEncodings = 0;
			knownRegions = (
				en,
				Base,
			);
			mainGroup = 3927355E29BD1E820058796A;
			packageReferences = (
				3927359A29BD3D510058796A /* XCRemoteSwiftPackageReference "NextcloudKit" */,
				392735A329BE13590058796A /* XCRemoteSwiftPackageReference "realm-swift" */,
				392735AE29BE3DED0058796A /* XCRemoteSwiftPackageReference "KeychainAccess" */,
			);
			productRefGroup = 3927356829BD1E820058796A /* Products */;
			projectDirPath = "";
			projectRoot = "";
			targets = (
				3927356629BD1E820058796A /* CloudFeed */,
				3927357C29BD1E830058796A /* CloudFeedTests */,
				3927358629BD1E830058796A /* CloudFeedUITests */,
			);
		};
/* End PBXProject section */

/* Begin PBXResourcesBuildPhase section */
		3927356529BD1E820058796A /* Resources */ = {
			isa = PBXResourcesBuildPhase;
			buildActionMask = 2147483647;
			files = (
				392735B629BE4FE00058796A /* Login.storyboard in Resources */,
				3927357729BD1E830058796A /* LaunchScreen.storyboard in Resources */,
				3927357429BD1E830058796A /* Assets.xcassets in Resources */,
				39271D5729D79E7900522DFD /* TitleView.xib in Resources */,
				39271D4A29D7922D00522DFD /* Media.storyboard in Resources */,
				3927357229BD1E820058796A /* Main.storyboard in Resources */,
				39B03F0F29C53FD300704670 /* CollectionViewCell.xib in Resources */,
				39271D4D29D7975A00522DFD /* Settings.storyboard in Resources */,
			);
			runOnlyForDeploymentPostprocessing = 0;
		};
		3927357B29BD1E830058796A /* Resources */ = {
			isa = PBXResourcesBuildPhase;
			buildActionMask = 2147483647;
			files = (
			);
			runOnlyForDeploymentPostprocessing = 0;
		};
		3927358529BD1E830058796A /* Resources */ = {
			isa = PBXResourcesBuildPhase;
			buildActionMask = 2147483647;
			files = (
			);
			runOnlyForDeploymentPostprocessing = 0;
		};
/* End PBXResourcesBuildPhase section */

/* Begin PBXSourcesBuildPhase section */
		3927356329BD1E820058796A /* Sources */ = {
			isa = PBXSourcesBuildPhase;
			buildActionMask = 2147483647;
			files = (
				392735B829BE50780058796A /* LoginWebController.swift in Sources */,
				392735BC29BE59FC0058796A /* SettingsUtility.swift in Sources */,
				392735BA29BE52600058796A /* LoginServerController.swift in Sources */,
				39271D4829D7694E00522DFD /* CollectionLayout.swift in Sources */,
				3927356F29BD1E820058796A /* MainViewController.swift in Sources */,
				39D73C1C29BFA8BB0096ECD3 /* DatabaseManager+Metadata.swift in Sources */,
				392735B329BE402D0058796A /* StoreUtility.swift in Sources */,
				394BCB0E29C7E25000C4F619 /* HttpCache.swift in Sources */,
				39B03F1229C636B500704670 /* SettingsController.swift in Sources */,
				39D73C1A29BF5FDA0096ECD3 /* NextcloudService.swift in Sources */,
				392735A229BD6A4F0058796A /* Global.swift in Sources */,
				39B03F1629C68C2900704670 /* CollectionViewLayout.swift in Sources */,
				392735A029BD69EA0058796A /* DatabaseManager.swift in Sources */,
				394BCB1929C7E9BC00C4F619 /* NextcloudUtility.swift in Sources */,
				392735AB29BE2DAA0058796A /* DatabaseManager+Account.swift in Sources */,
				39B03F1429C6384300704670 /* FileSystemUtility.swift in Sources */,
				39B03F0E29C53FD300704670 /* CollectionViewCell.swift in Sources */,
				3927356B29BD1E820058796A /* AppDelegate.swift in Sources */,
				392735AD29BE3C140058796A /* Database.swift in Sources */,
				3927356D29BD1E820058796A /* SceneDelegate.swift in Sources */,
			);
			runOnlyForDeploymentPostprocessing = 0;
		};
		3927357929BD1E830058796A /* Sources */ = {
			isa = PBXSourcesBuildPhase;
			buildActionMask = 2147483647;
			files = (
				3927358229BD1E830058796A /* CloudFeedTests.swift in Sources */,
			);
			runOnlyForDeploymentPostprocessing = 0;
		};
		3927358329BD1E830058796A /* Sources */ = {
			isa = PBXSourcesBuildPhase;
			buildActionMask = 2147483647;
			files = (
				3927358E29BD1E830058796A /* CloudFeedUITestsLaunchTests.swift in Sources */,
				3927358C29BD1E830058796A /* CloudFeedUITests.swift in Sources */,
			);
			runOnlyForDeploymentPostprocessing = 0;
		};
/* End PBXSourcesBuildPhase section */

/* Begin PBXTargetDependency section */
		3927357F29BD1E830058796A /* PBXTargetDependency */ = {
			isa = PBXTargetDependency;
			target = 3927356629BD1E820058796A /* CloudFeed */;
			targetProxy = 3927357E29BD1E830058796A /* PBXContainerItemProxy */;
		};
		3927358929BD1E830058796A /* PBXTargetDependency */ = {
			isa = PBXTargetDependency;
			target = 3927356629BD1E820058796A /* CloudFeed */;
			targetProxy = 3927358829BD1E830058796A /* PBXContainerItemProxy */;
		};
/* End PBXTargetDependency section */

/* Begin PBXVariantGroup section */
		3927357029BD1E820058796A /* Main.storyboard */ = {
			isa = PBXVariantGroup;
			children = (
				3927357129BD1E820058796A /* Base */,
			);
			name = Main.storyboard;
			sourceTree = "<group>";
		};
		3927357529BD1E830058796A /* LaunchScreen.storyboard */ = {
			isa = PBXVariantGroup;
			children = (
				3927357629BD1E830058796A /* Base */,
			);
			name = LaunchScreen.storyboard;
			sourceTree = "<group>";
		};
/* End PBXVariantGroup section */

/* Begin XCBuildConfiguration section */
		3927358F29BD1E830058796A /* Debug */ = {
			isa = XCBuildConfiguration;
			buildSettings = {
				ALWAYS_SEARCH_USER_PATHS = NO;
				CLANG_ANALYZER_NONNULL = YES;
				CLANG_ANALYZER_NUMBER_OBJECT_CONVERSION = YES_AGGRESSIVE;
				CLANG_CXX_LANGUAGE_STANDARD = "gnu++20";
				CLANG_ENABLE_MODULES = YES;
				CLANG_ENABLE_OBJC_ARC = YES;
				CLANG_ENABLE_OBJC_WEAK = YES;
				CLANG_WARN_BLOCK_CAPTURE_AUTORELEASING = YES;
				CLANG_WARN_BOOL_CONVERSION = YES;
				CLANG_WARN_COMMA = YES;
				CLANG_WARN_CONSTANT_CONVERSION = YES;
				CLANG_WARN_DEPRECATED_OBJC_IMPLEMENTATIONS = YES;
				CLANG_WARN_DIRECT_OBJC_ISA_USAGE = YES_ERROR;
				CLANG_WARN_DOCUMENTATION_COMMENTS = YES;
				CLANG_WARN_EMPTY_BODY = YES;
				CLANG_WARN_ENUM_CONVERSION = YES;
				CLANG_WARN_INFINITE_RECURSION = YES;
				CLANG_WARN_INT_CONVERSION = YES;
				CLANG_WARN_NON_LITERAL_NULL_CONVERSION = YES;
				CLANG_WARN_OBJC_IMPLICIT_RETAIN_SELF = YES;
				CLANG_WARN_OBJC_LITERAL_CONVERSION = YES;
				CLANG_WARN_OBJC_ROOT_CLASS = YES_ERROR;
				CLANG_WARN_QUOTED_INCLUDE_IN_FRAMEWORK_HEADER = YES;
				CLANG_WARN_RANGE_LOOP_ANALYSIS = YES;
				CLANG_WARN_STRICT_PROTOTYPES = YES;
				CLANG_WARN_SUSPICIOUS_MOVE = YES;
				CLANG_WARN_UNGUARDED_AVAILABILITY = YES_AGGRESSIVE;
				CLANG_WARN_UNREACHABLE_CODE = YES;
				CLANG_WARN__DUPLICATE_METHOD_MATCH = YES;
				COPY_PHASE_STRIP = NO;
				DEBUG_INFORMATION_FORMAT = dwarf;
				ENABLE_STRICT_OBJC_MSGSEND = YES;
				ENABLE_TESTABILITY = YES;
				GCC_C_LANGUAGE_STANDARD = gnu11;
				GCC_DYNAMIC_NO_PIC = NO;
				GCC_NO_COMMON_BLOCKS = YES;
				GCC_OPTIMIZATION_LEVEL = 0;
				GCC_PREPROCESSOR_DEFINITIONS = (
					"DEBUG=1",
					"$(inherited)",
				);
				GCC_WARN_64_TO_32_BIT_CONVERSION = YES;
				GCC_WARN_ABOUT_RETURN_TYPE = YES_ERROR;
				GCC_WARN_UNDECLARED_SELECTOR = YES;
				GCC_WARN_UNINITIALIZED_AUTOS = YES_AGGRESSIVE;
				GCC_WARN_UNUSED_FUNCTION = YES;
				GCC_WARN_UNUSED_VARIABLE = YES;
				IPHONEOS_DEPLOYMENT_TARGET = 16.2;
				MTL_ENABLE_DEBUG_INFO = INCLUDE_SOURCE;
				MTL_FAST_MATH = YES;
				ONLY_ACTIVE_ARCH = YES;
				SDKROOT = iphoneos;
				SWIFT_ACTIVE_COMPILATION_CONDITIONS = DEBUG;
				SWIFT_OPTIMIZATION_LEVEL = "-Onone";
			};
			name = Debug;
		};
		3927359029BD1E830058796A /* Release */ = {
			isa = XCBuildConfiguration;
			buildSettings = {
				ALWAYS_SEARCH_USER_PATHS = NO;
				CLANG_ANALYZER_NONNULL = YES;
				CLANG_ANALYZER_NUMBER_OBJECT_CONVERSION = YES_AGGRESSIVE;
				CLANG_CXX_LANGUAGE_STANDARD = "gnu++20";
				CLANG_ENABLE_MODULES = YES;
				CLANG_ENABLE_OBJC_ARC = YES;
				CLANG_ENABLE_OBJC_WEAK = YES;
				CLANG_WARN_BLOCK_CAPTURE_AUTORELEASING = YES;
				CLANG_WARN_BOOL_CONVERSION = YES;
				CLANG_WARN_COMMA = YES;
				CLANG_WARN_CONSTANT_CONVERSION = YES;
				CLANG_WARN_DEPRECATED_OBJC_IMPLEMENTATIONS = YES;
				CLANG_WARN_DIRECT_OBJC_ISA_USAGE = YES_ERROR;
				CLANG_WARN_DOCUMENTATION_COMMENTS = YES;
				CLANG_WARN_EMPTY_BODY = YES;
				CLANG_WARN_ENUM_CONVERSION = YES;
				CLANG_WARN_INFINITE_RECURSION = YES;
				CLANG_WARN_INT_CONVERSION = YES;
				CLANG_WARN_NON_LITERAL_NULL_CONVERSION = YES;
				CLANG_WARN_OBJC_IMPLICIT_RETAIN_SELF = YES;
				CLANG_WARN_OBJC_LITERAL_CONVERSION = YES;
				CLANG_WARN_OBJC_ROOT_CLASS = YES_ERROR;
				CLANG_WARN_QUOTED_INCLUDE_IN_FRAMEWORK_HEADER = YES;
				CLANG_WARN_RANGE_LOOP_ANALYSIS = YES;
				CLANG_WARN_STRICT_PROTOTYPES = YES;
				CLANG_WARN_SUSPICIOUS_MOVE = YES;
				CLANG_WARN_UNGUARDED_AVAILABILITY = YES_AGGRESSIVE;
				CLANG_WARN_UNREACHABLE_CODE = YES;
				CLANG_WARN__DUPLICATE_METHOD_MATCH = YES;
				COPY_PHASE_STRIP = NO;
				DEBUG_INFORMATION_FORMAT = "dwarf-with-dsym";
				ENABLE_NS_ASSERTIONS = NO;
				ENABLE_STRICT_OBJC_MSGSEND = YES;
				GCC_C_LANGUAGE_STANDARD = gnu11;
				GCC_NO_COMMON_BLOCKS = YES;
				GCC_WARN_64_TO_32_BIT_CONVERSION = YES;
				GCC_WARN_ABOUT_RETURN_TYPE = YES_ERROR;
				GCC_WARN_UNDECLARED_SELECTOR = YES;
				GCC_WARN_UNINITIALIZED_AUTOS = YES_AGGRESSIVE;
				GCC_WARN_UNUSED_FUNCTION = YES;
				GCC_WARN_UNUSED_VARIABLE = YES;
				IPHONEOS_DEPLOYMENT_TARGET = 16.2;
				MTL_ENABLE_DEBUG_INFO = NO;
				MTL_FAST_MATH = YES;
				SDKROOT = iphoneos;
				SWIFT_COMPILATION_MODE = wholemodule;
				SWIFT_OPTIMIZATION_LEVEL = "-O";
				VALIDATE_PRODUCT = YES;
			};
			name = Release;
		};
		3927359229BD1E830058796A /* Debug */ = {
			isa = XCBuildConfiguration;
			buildSettings = {
				ASSETCATALOG_COMPILER_APPICON_NAME = AppIcon;
				ASSETCATALOG_COMPILER_GLOBAL_ACCENT_COLOR_NAME = AccentColor;
				CODE_SIGN_ENTITLEMENTS = CloudFeed/CloudFeed.entitlements;
				CODE_SIGN_STYLE = Automatic;
				CURRENT_PROJECT_VERSION = 1;
				DEVELOPMENT_TEAM = LB7Q63276B;
				GENERATE_INFOPLIST_FILE = YES;
				INFOPLIST_FILE = CloudFeed/Info.plist;
				INFOPLIST_KEY_UIApplicationSupportsIndirectInputEvents = YES;
				INFOPLIST_KEY_UILaunchStoryboardName = LaunchScreen;
				INFOPLIST_KEY_UIMainStoryboardFile = Main;
				INFOPLIST_KEY_UISupportedInterfaceOrientations_iPad = "UIInterfaceOrientationPortrait UIInterfaceOrientationPortraitUpsideDown UIInterfaceOrientationLandscapeLeft UIInterfaceOrientationLandscapeRight";
				INFOPLIST_KEY_UISupportedInterfaceOrientations_iPhone = "UIInterfaceOrientationPortrait UIInterfaceOrientationLandscapeLeft UIInterfaceOrientationLandscapeRight";
				LD_RUNPATH_SEARCH_PATHS = (
					"$(inherited)",
					"@executable_path/Frameworks",
				);
				MARKETING_VERSION = 1.0;
				PRODUCT_BUNDLE_IDENTIFIER = com.angelamimi.CloudFeed;
				PRODUCT_NAME = "$(TARGET_NAME)";
				SWIFT_EMIT_LOC_STRINGS = YES;
				SWIFT_VERSION = 5.0;
				TARGETED_DEVICE_FAMILY = "1,2";
			};
			name = Debug;
		};
		3927359329BD1E830058796A /* Release */ = {
			isa = XCBuildConfiguration;
			buildSettings = {
				ASSETCATALOG_COMPILER_APPICON_NAME = AppIcon;
				ASSETCATALOG_COMPILER_GLOBAL_ACCENT_COLOR_NAME = AccentColor;
				CODE_SIGN_ENTITLEMENTS = CloudFeed/CloudFeed.entitlements;
				CODE_SIGN_STYLE = Automatic;
				CURRENT_PROJECT_VERSION = 1;
				DEVELOPMENT_TEAM = LB7Q63276B;
				GENERATE_INFOPLIST_FILE = YES;
				INFOPLIST_FILE = CloudFeed/Info.plist;
				INFOPLIST_KEY_UIApplicationSupportsIndirectInputEvents = YES;
				INFOPLIST_KEY_UILaunchStoryboardName = LaunchScreen;
				INFOPLIST_KEY_UIMainStoryboardFile = Main;
				INFOPLIST_KEY_UISupportedInterfaceOrientations_iPad = "UIInterfaceOrientationPortrait UIInterfaceOrientationPortraitUpsideDown UIInterfaceOrientationLandscapeLeft UIInterfaceOrientationLandscapeRight";
				INFOPLIST_KEY_UISupportedInterfaceOrientations_iPhone = "UIInterfaceOrientationPortrait UIInterfaceOrientationLandscapeLeft UIInterfaceOrientationLandscapeRight";
				LD_RUNPATH_SEARCH_PATHS = (
					"$(inherited)",
					"@executable_path/Frameworks",
				);
				MARKETING_VERSION = 1.0;
				PRODUCT_BUNDLE_IDENTIFIER = com.angelamimi.CloudFeed;
				PRODUCT_NAME = "$(TARGET_NAME)";
				SWIFT_EMIT_LOC_STRINGS = YES;
				SWIFT_VERSION = 5.0;
				TARGETED_DEVICE_FAMILY = "1,2";
			};
			name = Release;
		};
		3927359529BD1E830058796A /* Debug */ = {
			isa = XCBuildConfiguration;
			buildSettings = {
				ALWAYS_EMBED_SWIFT_STANDARD_LIBRARIES = YES;
				BUNDLE_LOADER = "$(TEST_HOST)";
				CODE_SIGN_STYLE = Automatic;
				CURRENT_PROJECT_VERSION = 1;
				GENERATE_INFOPLIST_FILE = YES;
				IPHONEOS_DEPLOYMENT_TARGET = 16.2;
				MARKETING_VERSION = 1.0;
				PRODUCT_BUNDLE_IDENTIFIER = com.angelamimi.CloudFeedTests;
				PRODUCT_NAME = "$(TARGET_NAME)";
				SWIFT_EMIT_LOC_STRINGS = NO;
				SWIFT_VERSION = 5.0;
				TARGETED_DEVICE_FAMILY = "1,2";
				TEST_HOST = "$(BUILT_PRODUCTS_DIR)/CloudFeed.app/$(BUNDLE_EXECUTABLE_FOLDER_PATH)/CloudFeed";
			};
			name = Debug;
		};
		3927359629BD1E830058796A /* Release */ = {
			isa = XCBuildConfiguration;
			buildSettings = {
				ALWAYS_EMBED_SWIFT_STANDARD_LIBRARIES = YES;
				BUNDLE_LOADER = "$(TEST_HOST)";
				CODE_SIGN_STYLE = Automatic;
				CURRENT_PROJECT_VERSION = 1;
				GENERATE_INFOPLIST_FILE = YES;
				IPHONEOS_DEPLOYMENT_TARGET = 16.2;
				MARKETING_VERSION = 1.0;
				PRODUCT_BUNDLE_IDENTIFIER = com.angelamimi.CloudFeedTests;
				PRODUCT_NAME = "$(TARGET_NAME)";
				SWIFT_EMIT_LOC_STRINGS = NO;
				SWIFT_VERSION = 5.0;
				TARGETED_DEVICE_FAMILY = "1,2";
				TEST_HOST = "$(BUILT_PRODUCTS_DIR)/CloudFeed.app/$(BUNDLE_EXECUTABLE_FOLDER_PATH)/CloudFeed";
			};
			name = Release;
		};
		3927359829BD1E830058796A /* Debug */ = {
			isa = XCBuildConfiguration;
			buildSettings = {
				ALWAYS_EMBED_SWIFT_STANDARD_LIBRARIES = YES;
				CODE_SIGN_STYLE = Automatic;
				CURRENT_PROJECT_VERSION = 1;
				GENERATE_INFOPLIST_FILE = YES;
				MARKETING_VERSION = 1.0;
				PRODUCT_BUNDLE_IDENTIFIER = com.angelamimi.CloudFeedUITests;
				PRODUCT_NAME = "$(TARGET_NAME)";
				SWIFT_EMIT_LOC_STRINGS = NO;
				SWIFT_VERSION = 5.0;
				TARGETED_DEVICE_FAMILY = "1,2";
				TEST_TARGET_NAME = CloudFeed;
			};
			name = Debug;
		};
		3927359929BD1E830058796A /* Release */ = {
			isa = XCBuildConfiguration;
			buildSettings = {
				ALWAYS_EMBED_SWIFT_STANDARD_LIBRARIES = YES;
				CODE_SIGN_STYLE = Automatic;
				CURRENT_PROJECT_VERSION = 1;
				GENERATE_INFOPLIST_FILE = YES;
				MARKETING_VERSION = 1.0;
				PRODUCT_BUNDLE_IDENTIFIER = com.angelamimi.CloudFeedUITests;
				PRODUCT_NAME = "$(TARGET_NAME)";
				SWIFT_EMIT_LOC_STRINGS = NO;
				SWIFT_VERSION = 5.0;
				TARGETED_DEVICE_FAMILY = "1,2";
				TEST_TARGET_NAME = CloudFeed;
			};
			name = Release;
		};
/* End XCBuildConfiguration section */

/* Begin XCConfigurationList section */
		3927356229BD1E820058796A /* Build configuration list for PBXProject "CloudFeed" */ = {
			isa = XCConfigurationList;
			buildConfigurations = (
				3927358F29BD1E830058796A /* Debug */,
				3927359029BD1E830058796A /* Release */,
			);
			defaultConfigurationIsVisible = 0;
			defaultConfigurationName = Release;
		};
		3927359129BD1E830058796A /* Build configuration list for PBXNativeTarget "CloudFeed" */ = {
			isa = XCConfigurationList;
			buildConfigurations = (
				3927359229BD1E830058796A /* Debug */,
				3927359329BD1E830058796A /* Release */,
			);
			defaultConfigurationIsVisible = 0;
			defaultConfigurationName = Release;
		};
		3927359429BD1E830058796A /* Build configuration list for PBXNativeTarget "CloudFeedTests" */ = {
			isa = XCConfigurationList;
			buildConfigurations = (
				3927359529BD1E830058796A /* Debug */,
				3927359629BD1E830058796A /* Release */,
			);
			defaultConfigurationIsVisible = 0;
			defaultConfigurationName = Release;
		};
		3927359729BD1E830058796A /* Build configuration list for PBXNativeTarget "CloudFeedUITests" */ = {
			isa = XCConfigurationList;
			buildConfigurations = (
				3927359829BD1E830058796A /* Debug */,
				3927359929BD1E830058796A /* Release */,
			);
			defaultConfigurationIsVisible = 0;
			defaultConfigurationName = Release;
		};
/* End XCConfigurationList section */

/* Begin XCRemoteSwiftPackageReference section */
		3927359A29BD3D510058796A /* XCRemoteSwiftPackageReference "NextcloudKit" */ = {
			isa = XCRemoteSwiftPackageReference;
			repositoryURL = "https://github.com/Nextcloud/NextcloudKit.git";
			requirement = {
				kind = upToNextMajorVersion;
				minimumVersion = 1.0.0;
			};
		};
		392735A329BE13590058796A /* XCRemoteSwiftPackageReference "realm-swift" */ = {
			isa = XCRemoteSwiftPackageReference;
			repositoryURL = "https://github.com/realm/realm-swift.git";
			requirement = {
				kind = upToNextMajorVersion;
				minimumVersion = 10.37.0;
			};
		};
		392735AE29BE3DED0058796A /* XCRemoteSwiftPackageReference "KeychainAccess" */ = {
			isa = XCRemoteSwiftPackageReference;
			repositoryURL = "https://github.com/kishikawakatsumi/KeychainAccess.git";
			requirement = {
				kind = upToNextMajorVersion;
				minimumVersion = 4.2.2;
			};
		};
/* End XCRemoteSwiftPackageReference section */

/* Begin XCSwiftPackageProductDependency section */
		3927359B29BD3D510058796A /* NextcloudKit */ = {
			isa = XCSwiftPackageProductDependency;
			package = 3927359A29BD3D510058796A /* XCRemoteSwiftPackageReference "NextcloudKit" */;
			productName = NextcloudKit;
		};
		392735A429BE13590058796A /* Realm */ = {
			isa = XCSwiftPackageProductDependency;
			package = 392735A329BE13590058796A /* XCRemoteSwiftPackageReference "realm-swift" */;
			productName = Realm;
		};
		392735A629BE13590058796A /* RealmSwift */ = {
			isa = XCSwiftPackageProductDependency;
			package = 392735A329BE13590058796A /* XCRemoteSwiftPackageReference "realm-swift" */;
			productName = RealmSwift;
		};
		392735AF29BE3DED0058796A /* KeychainAccess */ = {
			isa = XCSwiftPackageProductDependency;
			package = 392735AE29BE3DED0058796A /* XCRemoteSwiftPackageReference "KeychainAccess" */;
			productName = KeychainAccess;
		};
/* End XCSwiftPackageProductDependency section */
	};
	rootObject = 3927355F29BD1E820058796A /* Project object */;
}
